
Microsoft Visual Studio Solution File, Format Version 12.00
# Visual Studio Version 16
VisualStudioVersion = 16.0.30330.147
MinimumVisualStudioVersion = 10.0.40219.1
Project("{FAE04EC0-301F-11D3-BF4B-00C04F79EFBC}") = "Publico", "Publico\Publico.csproj", "{8B716CA2-875C-4C7D-8660-DE17C81FF222}"
EndProject
Global
	GlobalSection(SolutionConfigurationPlatforms) = preSolution
		Debug|Any CPU = Debug|Any CPU
		Release|Any CPU = Release|Any CPU
	EndGlobalSection
	GlobalSection(ProjectConfigurationPlatforms) = postSolution
		{8B716CA2-875C-4C7D-8660-DE17C81FF222}.Debug|Any CPU.ActiveCfg = Debug|Any CPU
		{8B716CA2-875C-4C7D-8660-DE17C81FF222}.Debug|Any CPU.Build.0 = Debug|Any CPU
		{8B716CA2-875C-4C7D-8660-DE17C81FF222}.Release|Any CPU.ActiveCfg = Release|Any CPU
		{8B716CA2-875C-4C7D-8660-DE17C81FF222}.Release|Any CPU.Build.0 = Release|Any CPU
	EndGlobalSection
	GlobalSection(SolutionProperties) = preSolution
		HideSolutionNode = FALSE
	EndGlobalSection
	GlobalSection(ExtensibilityGlobals) = postSolution
		SolutionGuid = {339A37F8-8BC2-4254-AC25-2B2279F631AA}
	EndGlobalSection
EndGlobal
